<?xml version="1.0" encoding="utf-8"?>
<Project ToolsVersion="4.0" xmlns="http://schemas.microsoft.com/developer/msbuild/2003">
  <ItemGroup>
    <Filter Include="Source Files">
      <UniqueIdentifier>{4FC737F1-C7A5-4376-A066-2A32D752A2FF}</UniqueIdentifier>
      <Extensions>qml;cpp;c;cc;cxx;def;odl;idl;hpj;bat;asm;asmx</Extensions>
    </Filter>
    <Filter Include="Header Files">
      <UniqueIdentifier>{93995380-89BD-4b04-88EB-625FBE52EBFB}</UniqueIdentifier>
      <Extensions>h;hh;hpp;hxx;hm;inl;inc;xsd</Extensions>
    </Filter>
    <Filter Include="Resource Files">
      <UniqueIdentifier>{67DA6AB6-F800-4c08-8B7A-83BB121AAD01}</UniqueIdentifier>
      <Extensions>qrc;rc;ico;cur;bmp;dlg;rc2;rct;bin;rgs;gif;jpg;jpeg;jpe;resx;tiff;tif;png;wav;mfcribbon-ms</Extensions>
    </Filter>
    <Filter Include="Form Files">
      <UniqueIdentifier>{99349809-55BA-4b9d-BF79-8FDBB0286EB3}</UniqueIdentifier>
      <Extensions>ui</Extensions>
    </Filter>
    <Filter Include="Translation Files">
      <UniqueIdentifier>{639EADAA-A684-42e4-A9AD-28FC9BCB8F7C}</UniqueIdentifier>
      <Extensions>ts</Extensions>
    </Filter>
  </ItemGroup>
  <ItemGroup>
    <QtRcc Include="bytescreenshot.qrc">
      <Filter>Resource Files</Filter>
    </QtRcc>
    <QtUic Include="bytescreenshot.ui">
      <Filter>Form Files</Filter>
    </QtUic>
    <QtMoc Include="ScreenCaptureManager.h">
      <Filter>Header Files</Filter>
    </QtMoc>
    <ClCompile Include="ScreenCaptureManager.cpp">
      <Filter>Source Files</Filter>
    </ClCompile>
  </ItemGroup>
  <ItemGroup>
    <ClCompile Include="main.cpp">
      <Filter>Source Files</Filter>
    </ClCompile>
    <ClCompile Include="MainWindow.cpp">
      <Filter>Source Files</Filter>
    </ClCompile>
    <ClCompile Include="ScreenshotOverlay.cpp">
      <Filter>Source Files</Filter>
    </ClCompile>
    <ClCompile Include="EditorToolbar.cpp">
      <Filter>Source Files</Filter>
    </ClCompile>
    <ClCompile Include="MosaicTool.cpp">
      <Filter>Source Files</Filter>
    </ClCompile>
    <ClCompile Include="BlurTool.cpp">
      <Filter>Source Files</Filter>
    </ClCompile>
    <ClCompile Include="PinnedWindow.cpp">
      <Filter>Source Files</Filter>
    </ClCompile>
    <ClCompile Include="OcrResultDialog.cpp">
      <Filter>Source Files</Filter>
    </ClCompile>
    <ClCompile Include="..\3rdparty\cpp\2.7\PaddleOCR\deploy\cpp_infer\src\args.cpp">
      <Filter>Source Files</Filter>
    </ClCompile>
    <ClCompile Include="..\3rdparty\cpp\2.7\PaddleOCR\deploy\cpp_infer\src\clipper.cpp">
      <Filter>Source Files</Filter>
    </ClCompile>
    <ClCompile Include="..\3rdparty\cpp\2.7\PaddleOCR\deploy\cpp_infer\src\ocr_cls.cpp">
      <Filter>Source Files</Filter>
    </ClCompile>
    <ClCompile Include="..\3rdparty\cpp\2.7\PaddleOCR\deploy\cpp_infer\src\ocr_det.cpp">
      <Filter>Source Files</Filter>
    </ClCompile>
    <ClCompile Include="..\3rdparty\cpp\2.7\PaddleOCR\deploy\cpp_infer\src\ocr_rec.cpp">
      <Filter>Source Files</Filter>
    </ClCompile>
    <ClCompile Include="..\3rdparty\cpp\2.7\PaddleOCR\deploy\cpp_infer\src\paddleocr.cpp">
      <Filter>Source Files</Filter>
    </ClCompile>
    <ClCompile Include="..\3rdparty\cpp\2.7\PaddleOCR\deploy\cpp_infer\src\paddlestructure.cpp">
      <Filter>Source Files</Filter>
    </ClCompile>
    <ClCompile Include="..\3rdparty\cpp\2.7\PaddleOCR\deploy\cpp_infer\src\postprocess_op.cpp">
      <Filter>Source Files</Filter>
    </ClCompile>
    <ClCompile Include="..\3rdparty\cpp\2.7\PaddleOCR\deploy\cpp_infer\src\preprocess_op.cpp">
      <Filter>Source Files</Filter>
    </ClCompile>
    <ClCompile Include="..\3rdparty\cpp\2.7\PaddleOCR\deploy\cpp_infer\src\structure_layout.cpp">
      <Filter>Source Files</Filter>
    </ClCompile>
    <ClCompile Include="..\3rdparty\cpp\2.7\PaddleOCR\deploy\cpp_infer\src\structure_table.cpp">
      <Filter>Source Files</Filter>
    </ClCompile>
    <ClCompile Include="..\3rdparty\cpp\2.7\PaddleOCR\deploy\cpp_infer\src\utility.cpp">
      <Filter>Source Files</Filter>
    </ClCompile>
    <ClCompile Include="uiinspector.cpp">
      <Filter>Source Files</Filter>
    </ClCompile>
    <ClCompile Include="RegionMagnifier.cpp">
      <Filter>Source Files</Filter>
    </ClCompile>
    <ClCompile Include="AiDescribeDialog.cpp">
      <Filter>Source Files</Filter>
    </ClCompile>
    <ClCompile Include="SecondaryToolBar.cpp">
      <Filter>Source Files</Filter>
    </ClCompile>
    <ClCompile Include="C:\Users\admin\Downloads\OCR.cpp">
      <Filter>Source Files</Filter>
    </ClCompile>
    <ClCompile Include="LongShotCapture.cpp">
      <Filter>Source Files</Filter>
    </ClCompile>
    <ClCompile Include="C:\Users\admin\Downloads\ShapeDrawer.cpp">
      <Filter>Source Files</Filter>
    </ClCompile>
  </ItemGroup>
  <ItemGroup>
    <QtMoc Include="MainWindow.h">
      <Filter>Header Files</Filter>
    </QtMoc>
    <QtMoc Include="ScreenshotOverlay.h">
      <Filter>Header Files</Filter>
    </QtMoc>
    <QtMoc Include="EditorToolbar.h">
      <Filter>Header Files</Filter>
    </QtMoc>
    <QtMoc Include="MosaicTool.h">
      <Filter>Header Files</Filter>
    </QtMoc>
    <QtMoc Include="BlurTool.h">
      <Filter>Header Files</Filter>
    </QtMoc>
    <QtMoc Include="PinnedWindow.h">
      <Filter>Header Files</Filter>
    </QtMoc>
    <QtMoc Include="AiDescribeDialog.h">
      <Filter>Header Files</Filter>
    </QtMoc>
    <QtMoc Include="SecondaryToolBar.h">
      <Filter>Header Files</Filter>
    </QtMoc>
    <QtMoc Include="OCR.h">
      <Filter>Header Files</Filter>
    </QtMoc>
    <QtMoc Include="OcrResultDialog.h">
      <Filter>Header Files</Filter>
    </QtMoc>
    <QtMoc Include="LongShotCapture.h">
      <Filter>Header Files</Filter>
    </QtMoc>
  </ItemGroup>
  <ItemGroup>
    <ClInclude Include="uiinspector.h">
      <Filter>Header Files</Filter>
    </ClInclude>
    <ClInclude Include="RegionMagnifier.h">
      <Filter>Header Files</Filter>
    </ClInclude>
    <ClInclude Include="ShapeDrawer.h">
      <Filter>Header Files</Filter>
    </ClInclude>
  </ItemGroup>
</Project>